
Microsoft Visual Studio Solution File, Format Version 12.00
# Visual Studio 15
VisualStudioVersion = 15.0.28307.1022
MinimumVisualStudioVersion = 10.0.40219.1
Project("{888888A0-9F3D-457C-B088-3A5042F75D52}") = "finance_programming", "finance_programming\finance_programming.pyproj", "{6CE0585A-BD7C-4348-A467-8721B1159929}"
EndProject
Global
	GlobalSection(SolutionConfigurationPlatforms) = preSolution
		Debug|Any CPU = Debug|Any CPU
		Release|Any CPU = Release|Any CPU
	EndGlobalSection
	GlobalSection(ProjectConfigurationPlatforms) = postSolution
		{6CE0585A-BD7C-4348-A467-8721B1159929}.Debug|Any CPU.ActiveCfg = Debug|Any CPU
		{6CE0585A-BD7C-4348-A467-8721B1159929}.Release|Any CPU.ActiveCfg = Release|Any CPU
	EndGlobalSection
	GlobalSection(SolutionProperties) = preSolution
		HideSolutionNode = FALSE
	EndGlobalSection
	GlobalSection(ExtensibilityGlobals) = postSolution
		SolutionGuid = {4DAF04CC-3D6F-44CC-86B3-608CE89C83AC}
	EndGlobalSection
EndGlobal
